{
  "name": "@lightjs/test",
  "version": "1.15.0",
  "lockfileVersion": 2,
  "requires": true,
  "packages": {
    "": {
      "name": "@lightjs/test",
      "version": "2.0.0-alpha.21",
      "license": "MIT",
      "dependencies": {
        "@lightjs/server": "^2.0.0-alpha.19",
        "@lightjs/types": "^2.0.0-alpha.19",
        "@lightjs/utils": "^2.0.0-alpha.19",
        "micro": "^9.3.4"
      },
      "devDependencies": {
        "@types/micro": "^7.3.6",
        "typescript": "^4.5.2"
      }
    },
    "node_modules/@lightjs/config": {
      "version": "2.0.0-alpha.19",
      "resolved": "https://registry.npmjs.org/@lightjs/config/-/config-2.0.0-alpha.19.tgz",
      "integrity": "sha512-ounbt80UyEupnGcGR6kjWFn2klAY6FxWFMwCvEIyn9qI4f+W91NBZLm43wfD5dq5jqvboXgqgg3u0cKrXj0CBA==",
      "dependencies": {
        "@lightjs/types": "^2.0.0-alpha.19"
      }
    },
    "node_modules/@lightjs/router": {
      "version": "2.0.0-alpha.19",
      "resolved": "https://registry.npmjs.org/@lightjs/router/-/router-2.0.0-alpha.19.tgz",
      "integrity": "sha512-5g6xOxneUNyIafjVHxoSEnl7wit8K8XdZChmb4RxbTD0JRd0IlqWovftuF7IC5onY4cPoFPHVrrFRcmzT/vi9w==",
      "dependencies": {
        "@lightjs/config": "^2.0.0-alpha.19",
        "@lightjs/types": "^2.0.0-alpha.19",
        "@lightjs/utils": "^2.0.0-alpha.19",
        "find-my-way": "^5.0.0",
        "glob": "^7.2.0",
        "micro": "^9.3.4"
      }
    },
    "node_modules/@lightjs/server": {
      "version": "2.0.0-alpha.19",
      "resolved": "https://registry.npmjs.org/@lightjs/server/-/server-2.0.0-alpha.19.tgz",
      "integrity": "sha512-i5F8O1ndHGe8q/TazwP+9xN3dHqRNUOuVabC5hxvrAs+2f9Xca1sZKSqdLiMIsQmTVKyl37NlSD7b2oY/+B8Fg==",
      "dependencies": {
        "@lightjs/config": "^2.0.0-alpha.19",
        "@lightjs/router": "^2.0.0-alpha.19",
        "@lightjs/types": "^2.0.0-alpha.19",
        "micro": "^9.3.4"
      }
    },
    "node_modules/@lightjs/types": {
      "version": "2.0.0-alpha.19",
      "resolved": "https://registry.npmjs.org/@lightjs/types/-/types-2.0.0-alpha.19.tgz",
      "integrity": "sha512-gld7XLaeUqixdRIvOhPN0AaxqjCDzZI3/u78JYN8ML3MHMkOW76jYVnE1avZTv2J++FZmkG/IP4W9rCHYETLyQ==",
      "dependencies": {
        "find-my-way": "^5.0.0",
        "micro": "^9.3.4"
      }
    },
    "node_modules/@lightjs/utils": {
      "version": "2.0.0-alpha.19",
      "resolved": "https://registry.npmjs.org/@lightjs/utils/-/utils-2.0.0-alpha.19.tgz",
      "integrity": "sha512-XuJr1/4zykkYeG8PqFmdj4JPhw3nn3X32CWa5an79P3PXJol77p8YuEc6iT1Rw6O3rq/wv90vjpUCKz29WmSOQ==",
      "dependencies": {
        "@lightjs/types": "^2.0.0-alpha.19",
        "find-my-way": "^5.0.0",
        "micro": "^9.3.4"
      }
    },
    "node_modules/@socket.io/component-emitter": {
      "version": "3.0.0",
      "resolved": "https://registry.npmjs.org/@socket.io/component-emitter/-/component-emitter-3.0.0.tgz",
      "integrity": "sha512-2pTGuibAXJswAPJjaKisthqS/NOK5ypG4LYT6tEAV0S/mxW0zOIvYvGK0V8w8+SHxAm6vRMSjqSalFXeBAqs+Q==",
      "dev": true
    },
    "node_modules/@types/engine.io": {
      "version": "3.1.7",
      "resolved": "https://registry.npmjs.org/@types/engine.io/-/engine.io-3.1.7.tgz",
      "integrity": "sha512-qNjVXcrp+1sS8YpRUa714r0pgzOwESdW5UjHL7D/2ZFdBX0BXUXtg1LUrp+ylvqbvMcMWUy73YpRoxPN2VoKAQ==",
      "dev": true,
      "dependencies": {
        "@types/node": "*"
      }
    },
    "node_modules/@types/micro": {
      "version": "7.3.6",
      "resolved": "https://registry.npmjs.org/@types/micro/-/micro-7.3.6.tgz",
      "integrity": "sha512-rZHvZ3+Ev3cGJJSy/wtSiXZmafU8guI07PHXf4ku9sQLfDuFALHMCiV+LuH4VOaeMMMnRs8nqxU392gxfn661g==",
      "dev": true,
      "dependencies": {
        "@types/node": "*",
        "@types/socket.io": "2.1.13"
      }
    },
    "node_modules/@types/node": {
      "version": "17.0.10",
      "resolved": "https://registry.npmjs.org/@types/node/-/node-17.0.10.tgz",
      "integrity": "sha512-S/3xB4KzyFxYGCppyDt68yzBU9ysL88lSdIah4D6cptdcltc4NCPCAMc0+PCpg/lLIyC7IPvj2Z52OJWeIUkog==",
      "dev": true
    },
    "node_modules/@types/socket.io": {
      "version": "2.1.13",
      "resolved": "https://registry.npmjs.org/@types/socket.io/-/socket.io-2.1.13.tgz",
      "integrity": "sha512-JRgH3nCgsWel4OPANkhH8TelpXvacAJ9VeryjuqCDiaVDMpLysd6sbt0dr6Z15pqH3p2YpOT3T1C5vQ+O/7uyg==",
      "dev": true,
      "dependencies": {
        "@types/engine.io": "*",
        "@types/node": "*",
        "@types/socket.io-parser": "*"
      }
    },
    "node_modules/@types/socket.io-parser": {
      "version": "3.0.0",
      "resolved": "https://registry.npmjs.org/@types/socket.io-parser/-/socket.io-parser-3.0.0.tgz",
      "integrity": "sha512-Ry/rbTE6HQNL9eu3LpL1Ocup5VexXu1bSSGlSho/IR5LuRc8YvxwSNJ3JxqTltVJEATLbZkMQETSbxfKNgp4Ew==",
      "deprecated": "This is a stub types definition. socket.io-parser provides its own type definitions, so you do not need this installed.",
      "dev": true,
      "dependencies": {
        "socket.io-parser": "*"
      }
    },
    "node_modules/arg": {
      "version": "4.1.0",
      "resolved": "https://registry.npmjs.org/arg/-/arg-4.1.0.tgz",
      "integrity": "sha512-ZWc51jO3qegGkVh8Hwpv636EkbesNV5ZNQPCtRa+0qytRYPEs9IYT9qITY9buezqUH5uqyzlWLcufrzU2rffdg=="
    },
    "node_modules/balanced-match": {
      "version": "1.0.2",
      "resolved": "https://registry.npmjs.org/balanced-match/-/balanced-match-1.0.2.tgz",
      "integrity": "sha512-3oSeUO0TMV67hN1AmbXsK4yaqU7tjiHlbxRDZOpH0KW9+CeX4bRAaX0Anxt0tx2MrpRpWwQaPwIlISEJhYU5Pw=="
    },
    "node_modules/brace-expansion": {
      "version": "1.1.11",
      "resolved": "https://registry.npmjs.org/brace-expansion/-/brace-expansion-1.1.11.tgz",
      "integrity": "sha512-iCuPHDFgrHX7H2vEI/5xpz07zSHB00TpugqhmYtVmMO6518mCuRMoOYFldEBl0g187ufozdaHgWKcYFb61qGiA==",
      "dependencies": {
        "balanced-match": "^1.0.0",
        "concat-map": "0.0.1"
      }
    },
    "node_modules/bytes": {
      "version": "3.0.0",
      "resolved": "https://registry.npmjs.org/bytes/-/bytes-3.0.0.tgz",
      "integrity": "sha1-0ygVQE1olpn4Wk6k+odV3ROpYEg=",
      "engines": {
        "node": ">= 0.8"
      }
    },
    "node_modules/concat-map": {
      "version": "0.0.1",
      "resolved": "https://registry.npmjs.org/concat-map/-/concat-map-0.0.1.tgz",
      "integrity": "sha1-2Klr13/Wjfd5OnMDajug1UBdR3s="
    },
    "node_modules/content-type": {
      "version": "1.0.4",
      "resolved": "https://registry.npmjs.org/content-type/-/content-type-1.0.4.tgz",
      "integrity": "sha512-hIP3EEPs8tB9AT1L+NUqtwOAps4mk2Zob89MWXMHjHWg9milF/j4osnnQLXBCBFBk/tvIG/tUc9mOUJiPBhPXA==",
      "engines": {
        "node": ">= 0.6"
      }
    },
    "node_modules/debug": {
      "version": "4.3.3",
      "resolved": "https://registry.npmjs.org/debug/-/debug-4.3.3.tgz",
      "integrity": "sha512-/zxw5+vh1Tfv+4Qn7a5nsbcJKPaSvCDhojn6FEl9vupwK2VCSDtEiEtqr8DFtzYFOdz63LBkxec7DYuc2jon6Q==",
      "dev": true,
      "dependencies": {
        "ms": "2.1.2"
      },
      "engines": {
        "node": ">=6.0"
      },
      "peerDependenciesMeta": {
        "supports-color": {
          "optional": true
        }
      }
    },
    "node_modules/depd": {
      "version": "1.1.1",
      "resolved": "https://registry.npmjs.org/depd/-/depd-1.1.1.tgz",
      "integrity": "sha1-V4O04cRZ8G+lyif5kfPQbnoxA1k=",
      "engines": {
        "node": ">= 0.6"
      }
    },
    "node_modules/fast-decode-uri-component": {
      "version": "1.0.1",
      "resolved": "https://registry.npmjs.org/fast-decode-uri-component/-/fast-decode-uri-component-1.0.1.tgz",
      "integrity": "sha512-WKgKWg5eUxvRZGwW8FvfbaH7AXSh2cL+3j5fMGzUMCxWBJ3dV3a7Wz8y2f/uQ0e3B6WmodD3oS54jTQ9HVTIIg=="
    },
    "node_modules/fast-deep-equal": {
      "version": "3.1.3",
      "resolved": "https://registry.npmjs.org/fast-deep-equal/-/fast-deep-equal-3.1.3.tgz",
      "integrity": "sha512-f3qQ9oQy9j2AhBe/H9VC91wLmKBCCU/gDOnKNAYG5hswO7BLKj09Hc5HYNz9cGI++xlpDCIgDaitVs03ATR84Q=="
    },
    "node_modules/find-my-way": {
      "version": "5.1.1",
      "resolved": "https://registry.npmjs.org/find-my-way/-/find-my-way-5.1.1.tgz",
      "integrity": "sha512-Yxts92RmEiHGYLE0cjZcJfe+gN7REQB/MXXHGD0eiSrk8HaGzngNEcw86JwwJ7qZIpkUJ989+pUeYJughGTQ6A==",
      "dependencies": {
        "fast-decode-uri-component": "^1.0.1",
        "fast-deep-equal": "^3.1.3",
        "safe-regex2": "^2.0.0",
        "semver-store": "^0.3.0"
      },
      "engines": {
        "node": ">=12"
      }
    },
    "node_modules/fs.realpath": {
      "version": "1.0.0",
      "resolved": "https://registry.npmjs.org/fs.realpath/-/fs.realpath-1.0.0.tgz",
      "integrity": "sha1-FQStJSMVjKpA20onh8sBQRmU6k8="
    },
    "node_modules/glob": {
      "version": "7.2.0",
      "resolved": "https://registry.npmjs.org/glob/-/glob-7.2.0.tgz",
      "integrity": "sha512-lmLf6gtyrPq8tTjSmrO94wBeQbFR3HbLHbuyD69wuyQkImp2hWqMGB47OX65FBkPffO641IP9jWa1z4ivqG26Q==",
      "dependencies": {
        "fs.realpath": "^1.0.0",
        "inflight": "^1.0.4",
        "inherits": "2",
        "minimatch": "^3.0.4",
        "once": "^1.3.0",
        "path-is-absolute": "^1.0.0"
      },
      "engines": {
        "node": "*"
      },
      "funding": {
        "url": "https://github.com/sponsors/isaacs"
      }
    },
    "node_modules/http-errors": {
      "version": "1.6.2",
      "resolved": "https://registry.npmjs.org/http-errors/-/http-errors-1.6.2.tgz",
      "integrity": "sha1-CgAsyFcHGSp+eUbO7cERVfYOxzY=",
      "dependencies": {
        "depd": "1.1.1",
        "inherits": "2.0.3",
        "setprototypeof": "1.0.3",
        "statuses": ">= 1.3.1 < 2"
      },
      "engines": {
        "node": ">= 0.6"
      }
    },
    "node_modules/http-errors/node_modules/inherits": {
      "version": "2.0.3",
      "resolved": "https://registry.npmjs.org/inherits/-/inherits-2.0.3.tgz",
      "integrity": "sha1-Yzwsg+PaQqUC9SRmAiSA9CCCYd4="
    },
    "node_modules/iconv-lite": {
      "version": "0.4.19",
      "resolved": "https://registry.npmjs.org/iconv-lite/-/iconv-lite-0.4.19.tgz",
      "integrity": "sha512-oTZqweIP51xaGPI4uPa56/Pri/480R+mo7SeU+YETByQNhDG55ycFyNLIgta9vXhILrxXDmF7ZGhqZIcuN0gJQ==",
      "engines": {
        "node": ">=0.10.0"
      }
    },
    "node_modules/inflight": {
      "version": "1.0.6",
      "resolved": "https://registry.npmjs.org/inflight/-/inflight-1.0.6.tgz",
      "integrity": "sha1-Sb1jMdfQLQwJvJEKEHW6gWW1bfk=",
      "dependencies": {
        "once": "^1.3.0",
        "wrappy": "1"
      }
    },
    "node_modules/inherits": {
      "version": "2.0.4",
      "resolved": "https://registry.npmjs.org/inherits/-/inherits-2.0.4.tgz",
      "integrity": "sha512-k/vGaX4/Yla3WzyMCvTQOXYeIHvqOKtnqBduzTHpzpQZzAskKMhZ2K+EnBiSM9zGSoIFeMpXKxa4dYeZIQqewQ=="
    },
    "node_modules/is-stream": {
      "version": "1.1.0",
      "resolved": "https://registry.npmjs.org/is-stream/-/is-stream-1.1.0.tgz",
      "integrity": "sha1-EtSj3U5o4Lec6428hBc66A2RykQ=",
      "engines": {
        "node": ">=0.10.0"
      }
    },
    "node_modules/micro": {
      "version": "9.3.4",
      "resolved": "https://registry.npmjs.org/micro/-/micro-9.3.4.tgz",
      "integrity": "sha512-smz9naZwTG7qaFnEZ2vn248YZq9XR+XoOH3auieZbkhDL4xLOxiE+KqG8qqnBeKfXA9c1uEFGCxPN1D+nT6N7w==",
      "dependencies": {
        "arg": "4.1.0",
        "content-type": "1.0.4",
        "is-stream": "1.1.0",
        "raw-body": "2.3.2"
      },
      "bin": {
        "micro": "bin/micro.js"
      },
      "engines": {
        "node": ">= 8.0.0"
      }
    },
    "node_modules/minimatch": {
      "version": "3.0.4",
      "resolved": "https://registry.npmjs.org/minimatch/-/minimatch-3.0.4.tgz",
      "integrity": "sha512-yJHVQEhyqPLUTgt9B83PXu6W3rx4MvvHvSUvToogpwoGDOUQ+yDrR0HRot+yOCdCO7u4hX3pWft6kWBBcqh0UA==",
      "dependencies": {
        "brace-expansion": "^1.1.7"
      },
      "engines": {
        "node": "*"
      }
    },
    "node_modules/ms": {
      "version": "2.1.2",
      "resolved": "https://registry.npmjs.org/ms/-/ms-2.1.2.tgz",
      "integrity": "sha512-sGkPx+VjMtmA6MX27oA4FBFELFCZZ4S4XqeGOXCv68tT+jb3vk/RyaKWP0PTKyWtmLSM0b+adUTEvbs1PEaH2w==",
      "dev": true
    },
    "node_modules/once": {
      "version": "1.4.0",
      "resolved": "https://registry.npmjs.org/once/-/once-1.4.0.tgz",
      "integrity": "sha1-WDsap3WWHUsROsF9nFC6753Xa9E=",
      "dependencies": {
        "wrappy": "1"
      }
    },
    "node_modules/path-is-absolute": {
      "version": "1.0.1",
      "resolved": "https://registry.npmjs.org/path-is-absolute/-/path-is-absolute-1.0.1.tgz",
      "integrity": "sha1-F0uSaHNVNP+8es5r9TpanhtcX18=",
      "engines": {
        "node": ">=0.10.0"
      }
    },
    "node_modules/raw-body": {
      "version": "2.3.2",
      "resolved": "https://registry.npmjs.org/raw-body/-/raw-body-2.3.2.tgz",
      "integrity": "sha1-vNYMd9Prk83gBQKVw/N5OJvIj4k=",
      "dependencies": {
        "bytes": "3.0.0",
        "http-errors": "1.6.2",
        "iconv-lite": "0.4.19",
        "unpipe": "1.0.0"
      },
      "engines": {
        "node": ">= 0.8"
      }
    },
    "node_modules/ret": {
      "version": "0.2.2",
      "resolved": "https://registry.npmjs.org/ret/-/ret-0.2.2.tgz",
      "integrity": "sha512-M0b3YWQs7R3Z917WRQy1HHA7Ba7D8hvZg6UE5mLykJxQVE2ju0IXbGlaHPPlkY+WN7wFP+wUMXmBFA0aV6vYGQ==",
      "engines": {
        "node": ">=4"
      }
    },
    "node_modules/safe-regex2": {
      "version": "2.0.0",
      "resolved": "https://registry.npmjs.org/safe-regex2/-/safe-regex2-2.0.0.tgz",
      "integrity": "sha512-PaUSFsUaNNuKwkBijoAPHAK6/eM6VirvyPWlZ7BAQy4D+hCvh4B6lIG+nPdhbFfIbP+gTGBcrdsOaUs0F+ZBOQ==",
      "dependencies": {
        "ret": "~0.2.0"
      }
    },
    "node_modules/semver-store": {
      "version": "0.3.0",
      "resolved": "https://registry.npmjs.org/semver-store/-/semver-store-0.3.0.tgz",
      "integrity": "sha512-TcZvGMMy9vodEFSse30lWinkj+JgOBvPn8wRItpQRSayhc+4ssDs335uklkfvQQJgL/WvmHLVj4Ycv2s7QCQMg=="
    },
    "node_modules/setprototypeof": {
      "version": "1.0.3",
      "resolved": "https://registry.npmjs.org/setprototypeof/-/setprototypeof-1.0.3.tgz",
      "integrity": "sha1-ZlZ+NwQ+608E2RvWWMDL77VbjgQ="
    },
    "node_modules/socket.io-parser": {
      "version": "4.1.1",
      "resolved": "https://registry.npmjs.org/socket.io-parser/-/socket.io-parser-4.1.1.tgz",
      "integrity": "sha512-USQVLSkDWE5nbcY760ExdKaJxCE65kcsG/8k5FDGZVVxpD1pA7hABYXYkCUvxUuYYh/+uQw0N/fvBzfT8o07KA==",
      "dev": true,
      "dependencies": {
        "@socket.io/component-emitter": "~3.0.0",
        "debug": "~4.3.1"
      },
      "engines": {
        "node": ">=10.0.0"
      }
    },
    "node_modules/statuses": {
      "version": "1.5.0",
      "resolved": "https://registry.npmjs.org/statuses/-/statuses-1.5.0.tgz",
      "integrity": "sha1-Fhx9rBd2Wf2YEfQ3cfqZOBR4Yow=",
      "engines": {
        "node": ">= 0.6"
      }
    },
    "node_modules/typescript": {
      "version": "4.5.4",
      "resolved": "https://registry.npmjs.org/typescript/-/typescript-4.5.4.tgz",
      "integrity": "sha512-VgYs2A2QIRuGphtzFV7aQJduJ2gyfTljngLzjpfW9FoYZF6xuw1W0vW9ghCKLfcWrCFxK81CSGRAvS1pn4fIUg==",
      "dev": true,
      "bin": {
        "tsc": "bin/tsc",
        "tsserver": "bin/tsserver"
      },
      "engines": {
        "node": ">=4.2.0"
      }
    },
    "node_modules/unpipe": {
      "version": "1.0.0",
      "resolved": "https://registry.npmjs.org/unpipe/-/unpipe-1.0.0.tgz",
      "integrity": "sha1-sr9O6FFKrmFltIF4KdIbLvSZBOw=",
      "engines": {
        "node": ">= 0.8"
      }
    },
    "node_modules/wrappy": {
      "version": "1.0.2",
      "resolved": "https://registry.npmjs.org/wrappy/-/wrappy-1.0.2.tgz",
      "integrity": "sha1-tSQ9jz7BqjXxNkYFvA0QNuMKtp8="
    }
  },
  "dependencies": {
    "@lightjs/config": {
      "version": "2.0.0-alpha.19",
      "resolved": "https://registry.npmjs.org/@lightjs/config/-/config-2.0.0-alpha.19.tgz",
      "integrity": "sha512-ounbt80UyEupnGcGR6kjWFn2klAY6FxWFMwCvEIyn9qI4f+W91NBZLm43wfD5dq5jqvboXgqgg3u0cKrXj0CBA==",
      "requires": {
        "@lightjs/types": "^2.0.0-alpha.19"
      }
    },
    "@lightjs/router": {
      "version": "2.0.0-alpha.19",
      "resolved": "https://registry.npmjs.org/@lightjs/router/-/router-2.0.0-alpha.19.tgz",
      "integrity": "sha512-5g6xOxneUNyIafjVHxoSEnl7wit8K8XdZChmb4RxbTD0JRd0IlqWovftuF7IC5onY4cPoFPHVrrFRcmzT/vi9w==",
      "requires": {
        "@lightjs/config": "^2.0.0-alpha.19",
        "@lightjs/types": "^2.0.0-alpha.19",
        "@lightjs/utils": "^2.0.0-alpha.19",
        "find-my-way": "^5.0.0",
        "glob": "^7.2.0",
        "micro": "^9.3.4"
      }
    },
    "@lightjs/server": {
      "version": "2.0.0-alpha.19",
      "resolved": "https://registry.npmjs.org/@lightjs/server/-/server-2.0.0-alpha.19.tgz",
      "integrity": "sha512-i5F8O1ndHGe8q/TazwP+9xN3dHqRNUOuVabC5hxvrAs+2f9Xca1sZKSqdLiMIsQmTVKyl37NlSD7b2oY/+B8Fg==",
      "requires": {
        "@lightjs/config": "^2.0.0-alpha.19",
        "@lightjs/router": "^2.0.0-alpha.19",
        "@lightjs/types": "^2.0.0-alpha.19",
        "micro": "^9.3.4"
      }
    },
    "@lightjs/types": {
      "version": "2.0.0-alpha.19",
      "resolved": "https://registry.npmjs.org/@lightjs/types/-/types-2.0.0-alpha.19.tgz",
      "integrity": "sha512-gld7XLaeUqixdRIvOhPN0AaxqjCDzZI3/u78JYN8ML3MHMkOW76jYVnE1avZTv2J++FZmkG/IP4W9rCHYETLyQ==",
      "requires": {
        "find-my-way": "^5.0.0",
        "micro": "^9.3.4"
      }
    },
    "@lightjs/utils": {
      "version": "2.0.0-alpha.19",
      "resolved": "https://registry.npmjs.org/@lightjs/utils/-/utils-2.0.0-alpha.19.tgz",
      "integrity": "sha512-XuJr1/4zykkYeG8PqFmdj4JPhw3nn3X32CWa5an79P3PXJol77p8YuEc6iT1Rw6O3rq/wv90vjpUCKz29WmSOQ==",
      "requires": {
        "@lightjs/types": "^2.0.0-alpha.19",
        "find-my-way": "^5.0.0",
        "micro": "^9.3.4"
      }
    },
    "@socket.io/component-emitter": {
      "version": "3.0.0",
      "resolved": "https://registry.npmjs.org/@socket.io/component-emitter/-/component-emitter-3.0.0.tgz",
      "integrity": "sha512-2pTGuibAXJswAPJjaKisthqS/NOK5ypG4LYT6tEAV0S/mxW0zOIvYvGK0V8w8+SHxAm6vRMSjqSalFXeBAqs+Q==",
      "dev": true
    },
    "@types/engine.io": {
      "version": "3.1.7",
      "resolved": "https://registry.npmjs.org/@types/engine.io/-/engine.io-3.1.7.tgz",
      "integrity": "sha512-qNjVXcrp+1sS8YpRUa714r0pgzOwESdW5UjHL7D/2ZFdBX0BXUXtg1LUrp+ylvqbvMcMWUy73YpRoxPN2VoKAQ==",
      "dev": true,
      "requires": {
        "@types/node": "*"
      }
    },
    "@types/micro": {
      "version": "7.3.6",
      "resolved": "https://registry.npmjs.org/@types/micro/-/micro-7.3.6.tgz",
      "integrity": "sha512-rZHvZ3+Ev3cGJJSy/wtSiXZmafU8guI07PHXf4ku9sQLfDuFALHMCiV+LuH4VOaeMMMnRs8nqxU392gxfn661g==",
      "dev": true,
      "requires": {
        "@types/node": "*",
        "@types/socket.io": "2.1.13"
      }
    },
    "@types/node": {
      "version": "17.0.10",
      "resolved": "https://registry.npmjs.org/@types/node/-/node-17.0.10.tgz",
      "integrity": "sha512-S/3xB4KzyFxYGCppyDt68yzBU9ysL88lSdIah4D6cptdcltc4NCPCAMc0+PCpg/lLIyC7IPvj2Z52OJWeIUkog==",
      "dev": true
    },
    "@types/socket.io": {
      "version": "2.1.13",
      "resolved": "https://registry.npmjs.org/@types/socket.io/-/socket.io-2.1.13.tgz",
      "integrity": "sha512-JRgH3nCgsWel4OPANkhH8TelpXvacAJ9VeryjuqCDiaVDMpLysd6sbt0dr6Z15pqH3p2YpOT3T1C5vQ+O/7uyg==",
      "dev": true,
      "requires": {
        "@types/engine.io": "*",
        "@types/node": "*",
        "@types/socket.io-parser": "*"
      }
    },
    "@types/socket.io-parser": {
      "version": "3.0.0",
      "resolved": "https://registry.npmjs.org/@types/socket.io-parser/-/socket.io-parser-3.0.0.tgz",
      "integrity": "sha512-Ry/rbTE6HQNL9eu3LpL1Ocup5VexXu1bSSGlSho/IR5LuRc8YvxwSNJ3JxqTltVJEATLbZkMQETSbxfKNgp4Ew==",
      "dev": true,
      "requires": {
        "socket.io-parser": "*"
      }
    },
    "arg": {
      "version": "4.1.0",
      "resolved": "https://registry.npmjs.org/arg/-/arg-4.1.0.tgz",
      "integrity": "sha512-ZWc51jO3qegGkVh8Hwpv636EkbesNV5ZNQPCtRa+0qytRYPEs9IYT9qITY9buezqUH5uqyzlWLcufrzU2rffdg=="
    },
    "balanced-match": {
      "version": "1.0.2",
      "resolved": "https://registry.npmjs.org/balanced-match/-/balanced-match-1.0.2.tgz",
      "integrity": "sha512-3oSeUO0TMV67hN1AmbXsK4yaqU7tjiHlbxRDZOpH0KW9+CeX4bRAaX0Anxt0tx2MrpRpWwQaPwIlISEJhYU5Pw=="
    },
    "brace-expansion": {
      "version": "1.1.11",
      "resolved": "https://registry.npmjs.org/brace-expansion/-/brace-expansion-1.1.11.tgz",
      "integrity": "sha512-iCuPHDFgrHX7H2vEI/5xpz07zSHB00TpugqhmYtVmMO6518mCuRMoOYFldEBl0g187ufozdaHgWKcYFb61qGiA==",
      "requires": {
        "balanced-match": "^1.0.0",
        "concat-map": "0.0.1"
      }
    },
    "bytes": {
      "version": "3.0.0",
      "resolved": "https://registry.npmjs.org/bytes/-/bytes-3.0.0.tgz",
      "integrity": "sha1-0ygVQE1olpn4Wk6k+odV3ROpYEg="
    },
    "concat-map": {
      "version": "0.0.1",
      "resolved": "https://registry.npmjs.org/concat-map/-/concat-map-0.0.1.tgz",
      "integrity": "sha1-2Klr13/Wjfd5OnMDajug1UBdR3s="
    },
    "content-type": {
      "version": "1.0.4",
      "resolved": "https://registry.npmjs.org/content-type/-/content-type-1.0.4.tgz",
      "integrity": "sha512-hIP3EEPs8tB9AT1L+NUqtwOAps4mk2Zob89MWXMHjHWg9milF/j4osnnQLXBCBFBk/tvIG/tUc9mOUJiPBhPXA=="
    },
    "debug": {
      "version": "4.3.3",
      "resolved": "https://registry.npmjs.org/debug/-/debug-4.3.3.tgz",
      "integrity": "sha512-/zxw5+vh1Tfv+4Qn7a5nsbcJKPaSvCDhojn6FEl9vupwK2VCSDtEiEtqr8DFtzYFOdz63LBkxec7DYuc2jon6Q==",
      "dev": true,
      "requires": {
        "ms": "2.1.2"
      }
    },
    "depd": {
      "version": "1.1.1",
      "resolved": "https://registry.npmjs.org/depd/-/depd-1.1.1.tgz",
      "integrity": "sha1-V4O04cRZ8G+lyif5kfPQbnoxA1k="
    },
    "fast-decode-uri-component": {
      "version": "1.0.1",
      "resolved": "https://registry.npmjs.org/fast-decode-uri-component/-/fast-decode-uri-component-1.0.1.tgz",
      "integrity": "sha512-WKgKWg5eUxvRZGwW8FvfbaH7AXSh2cL+3j5fMGzUMCxWBJ3dV3a7Wz8y2f/uQ0e3B6WmodD3oS54jTQ9HVTIIg=="
    },
    "fast-deep-equal": {
      "version": "3.1.3",
      "resolved": "https://registry.npmjs.org/fast-deep-equal/-/fast-deep-equal-3.1.3.tgz",
      "integrity": "sha512-f3qQ9oQy9j2AhBe/H9VC91wLmKBCCU/gDOnKNAYG5hswO7BLKj09Hc5HYNz9cGI++xlpDCIgDaitVs03ATR84Q=="
    },
    "find-my-way": {
      "version": "5.1.1",
      "resolved": "https://registry.npmjs.org/find-my-way/-/find-my-way-5.1.1.tgz",
      "integrity": "sha512-Yxts92RmEiHGYLE0cjZcJfe+gN7REQB/MXXHGD0eiSrk8HaGzngNEcw86JwwJ7qZIpkUJ989+pUeYJughGTQ6A==",
      "requires": {
        "fast-decode-uri-component": "^1.0.1",
        "fast-deep-equal": "^3.1.3",
        "safe-regex2": "^2.0.0",
        "semver-store": "^0.3.0"
      }
    },
    "fs.realpath": {
      "version": "1.0.0",
      "resolved": "https://registry.npmjs.org/fs.realpath/-/fs.realpath-1.0.0.tgz",
      "integrity": "sha1-FQStJSMVjKpA20onh8sBQRmU6k8="
    },
    "glob": {
      "version": "7.2.0",
      "resolved": "https://registry.npmjs.org/glob/-/glob-7.2.0.tgz",
      "integrity": "sha512-lmLf6gtyrPq8tTjSmrO94wBeQbFR3HbLHbuyD69wuyQkImp2hWqMGB47OX65FBkPffO641IP9jWa1z4ivqG26Q==",
      "requires": {
        "fs.realpath": "^1.0.0",
        "inflight": "^1.0.4",
        "inherits": "2",
        "minimatch": "^3.0.4",
        "once": "^1.3.0",
        "path-is-absolute": "^1.0.0"
      }
    },
    "http-errors": {
      "version": "1.6.2",
      "resolved": "https://registry.npmjs.org/http-errors/-/http-errors-1.6.2.tgz",
      "integrity": "sha1-CgAsyFcHGSp+eUbO7cERVfYOxzY=",
      "requires": {
        "depd": "1.1.1",
        "inherits": "2.0.3",
        "setprototypeof": "1.0.3",
        "statuses": ">= 1.3.1 < 2"
      },
      "dependencies": {
        "inherits": {
          "version": "2.0.3",
          "resolved": "https://registry.npmjs.org/inherits/-/inherits-2.0.3.tgz",
          "integrity": "sha1-Yzwsg+PaQqUC9SRmAiSA9CCCYd4="
        }
      }
    },
    "iconv-lite": {
      "version": "0.4.19",
      "resolved": "https://registry.npmjs.org/iconv-lite/-/iconv-lite-0.4.19.tgz",
      "integrity": "sha512-oTZqweIP51xaGPI4uPa56/Pri/480R+mo7SeU+YETByQNhDG55ycFyNLIgta9vXhILrxXDmF7ZGhqZIcuN0gJQ=="
    },
    "inflight": {
      "version": "1.0.6",
      "resolved": "https://registry.npmjs.org/inflight/-/inflight-1.0.6.tgz",
      "integrity": "sha1-Sb1jMdfQLQwJvJEKEHW6gWW1bfk=",
      "requires": {
        "once": "^1.3.0",
        "wrappy": "1"
      }
    },
    "inherits": {
      "version": "2.0.4",
      "resolved": "https://registry.npmjs.org/inherits/-/inherits-2.0.4.tgz",
      "integrity": "sha512-k/vGaX4/Yla3WzyMCvTQOXYeIHvqOKtnqBduzTHpzpQZzAskKMhZ2K+EnBiSM9zGSoIFeMpXKxa4dYeZIQqewQ=="
    },
    "is-stream": {
      "version": "1.1.0",
      "resolved": "https://registry.npmjs.org/is-stream/-/is-stream-1.1.0.tgz",
      "integrity": "sha1-EtSj3U5o4Lec6428hBc66A2RykQ="
    },
    "micro": {
      "version": "9.3.4",
      "resolved": "https://registry.npmjs.org/micro/-/micro-9.3.4.tgz",
      "integrity": "sha512-smz9naZwTG7qaFnEZ2vn248YZq9XR+XoOH3auieZbkhDL4xLOxiE+KqG8qqnBeKfXA9c1uEFGCxPN1D+nT6N7w==",
      "requires": {
        "arg": "4.1.0",
        "content-type": "1.0.4",
        "is-stream": "1.1.0",
        "raw-body": "2.3.2"
      }
    },
    "minimatch": {
      "version": "3.0.4",
      "resolved": "https://registry.npmjs.org/minimatch/-/minimatch-3.0.4.tgz",
      "integrity": "sha512-yJHVQEhyqPLUTgt9B83PXu6W3rx4MvvHvSUvToogpwoGDOUQ+yDrR0HRot+yOCdCO7u4hX3pWft6kWBBcqh0UA==",
      "requires": {
        "brace-expansion": "^1.1.7"
      }
    },
    "ms": {
      "version": "2.1.2",
      "resolved": "https://registry.npmjs.org/ms/-/ms-2.1.2.tgz",
      "integrity": "sha512-sGkPx+VjMtmA6MX27oA4FBFELFCZZ4S4XqeGOXCv68tT+jb3vk/RyaKWP0PTKyWtmLSM0b+adUTEvbs1PEaH2w==",
      "dev": true
    },
    "once": {
      "version": "1.4.0",
      "resolved": "https://registry.npmjs.org/once/-/once-1.4.0.tgz",
      "integrity": "sha1-WDsap3WWHUsROsF9nFC6753Xa9E=",
      "requires": {
        "wrappy": "1"
      }
    },
    "path-is-absolute": {
      "version": "1.0.1",
      "resolved": "https://registry.npmjs.org/path-is-absolute/-/path-is-absolute-1.0.1.tgz",
      "integrity": "sha1-F0uSaHNVNP+8es5r9TpanhtcX18="
    },
    "raw-body": {
      "version": "2.3.2",
      "resolved": "https://registry.npmjs.org/raw-body/-/raw-body-2.3.2.tgz",
      "integrity": "sha1-vNYMd9Prk83gBQKVw/N5OJvIj4k=",
      "requires": {
        "bytes": "3.0.0",
        "http-errors": "1.6.2",
        "iconv-lite": "0.4.19",
        "unpipe": "1.0.0"
      }
    },
    "ret": {
      "version": "0.2.2",
      "resolved": "https://registry.npmjs.org/ret/-/ret-0.2.2.tgz",
      "integrity": "sha512-M0b3YWQs7R3Z917WRQy1HHA7Ba7D8hvZg6UE5mLykJxQVE2ju0IXbGlaHPPlkY+WN7wFP+wUMXmBFA0aV6vYGQ=="
    },
    "safe-regex2": {
      "version": "2.0.0",
      "resolved": "https://registry.npmjs.org/safe-regex2/-/safe-regex2-2.0.0.tgz",
      "integrity": "sha512-PaUSFsUaNNuKwkBijoAPHAK6/eM6VirvyPWlZ7BAQy4D+hCvh4B6lIG+nPdhbFfIbP+gTGBcrdsOaUs0F+ZBOQ==",
      "requires": {
        "ret": "~0.2.0"
      }
    },
    "semver-store": {
      "version": "0.3.0",
      "resolved": "https://registry.npmjs.org/semver-store/-/semver-store-0.3.0.tgz",
      "integrity": "sha512-TcZvGMMy9vodEFSse30lWinkj+JgOBvPn8wRItpQRSayhc+4ssDs335uklkfvQQJgL/WvmHLVj4Ycv2s7QCQMg=="
    },
    "setprototypeof": {
      "version": "1.0.3",
      "resolved": "https://registry.npmjs.org/setprototypeof/-/setprototypeof-1.0.3.tgz",
      "integrity": "sha1-ZlZ+NwQ+608E2RvWWMDL77VbjgQ="
    },
    "socket.io-parser": {
      "version": "4.1.1",
      "resolved": "https://registry.npmjs.org/socket.io-parser/-/socket.io-parser-4.1.1.tgz",
      "integrity": "sha512-USQVLSkDWE5nbcY760ExdKaJxCE65kcsG/8k5FDGZVVxpD1pA7hABYXYkCUvxUuYYh/+uQw0N/fvBzfT8o07KA==",
      "dev": true,
      "requires": {
        "@socket.io/component-emitter": "~3.0.0",
        "debug": "~4.3.1"
      }
    },
    "statuses": {
      "version": "1.5.0",
      "resolved": "https://registry.npmjs.org/statuses/-/statuses-1.5.0.tgz",
      "integrity": "sha1-Fhx9rBd2Wf2YEfQ3cfqZOBR4Yow="
    },
    "typescript": {
      "version": "4.5.4",
      "resolved": "https://registry.npmjs.org/typescript/-/typescript-4.5.4.tgz",
      "integrity": "sha512-VgYs2A2QIRuGphtzFV7aQJduJ2gyfTljngLzjpfW9FoYZF6xuw1W0vW9ghCKLfcWrCFxK81CSGRAvS1pn4fIUg==",
      "dev": true
    },
    "unpipe": {
      "version": "1.0.0",
      "resolved": "https://registry.npmjs.org/unpipe/-/unpipe-1.0.0.tgz",
      "integrity": "sha1-sr9O6FFKrmFltIF4KdIbLvSZBOw="
    },
    "wrappy": {
      "version": "1.0.2",
      "resolved": "https://registry.npmjs.org/wrappy/-/wrappy-1.0.2.tgz",
      "integrity": "sha1-tSQ9jz7BqjXxNkYFvA0QNuMKtp8="
    }
  }
}
