{
	"name": "light",
	"version": "2.0.0-alpha.26",
	"lockfileVersion": 2,
	"requires": true,
	"packages": {
		"": {
			"name": "light",
			"version": "2.0.0-alpha.26",
			"license": "MIT",
			"bin": {
				"light": "lib/cli/index.js"
			},
			"devDependencies": {
				"@types/node": "^16.11.11",
				"typescript": "^4.5.2"
			}
		},
		"node_modules/@types/node": {
			"version": "16.11.26",
			"resolved": "https://registry.npmjs.org/@types/node/-/node-16.11.26.tgz",
			"integrity": "sha512-GZ7bu5A6+4DtG7q9GsoHXy3ALcgeIHP4NnL0Vv2wu0uUB/yQex26v0tf6/na1mm0+bS9Uw+0DFex7aaKr2qawQ==",
			"dev": true
		},
		"node_modules/typescript": {
			"version": "4.6.3",
			"resolved": "https://registry.npmjs.org/typescript/-/typescript-4.6.3.tgz",
			"integrity": "sha512-yNIatDa5iaofVozS/uQJEl3JRWLKKGJKh6Yaiv0GLGSuhpFJe7P3SbHZ8/yjAHRQwKRoA6YZqlfjXWmVzoVSMw==",
			"dev": true,
			"bin": {
				"tsc": "bin/tsc",
				"tsserver": "bin/tsserver"
			},
			"engines": {
				"node": ">=4.2.0"
			}
		}
	},
	"dependencies": {
		"@types/node": {
			"version": "16.11.26",
			"resolved": "https://registry.npmjs.org/@types/node/-/node-16.11.26.tgz",
			"integrity": "sha512-GZ7bu5A6+4DtG7q9GsoHXy3ALcgeIHP4NnL0Vv2wu0uUB/yQex26v0tf6/na1mm0+bS9Uw+0DFex7aaKr2qawQ==",
			"dev": true
		},
		"typescript": {
			"version": "4.6.3",
			"resolved": "https://registry.npmjs.org/typescript/-/typescript-4.6.3.tgz",
			"integrity": "sha512-yNIatDa5iaofVozS/uQJEl3JRWLKKGJKh6Yaiv0GLGSuhpFJe7P3SbHZ8/yjAHRQwKRoA6YZqlfjXWmVzoVSMw==",
			"dev": true
		}
	}
}
